// !$*UTF8*$!
{
	archiveVersion = 1;
	classes = {
	};
	objectVersion = 46;
	objects = {

/* Begin PBXBuildFile section */
		1869D514582831EAD598019B /* Pods_FirstSwiftDemo.framework in Frameworks */ = {isa = PBXBuildFile; fileRef = 1CB3323246ECD16B00E3C0DE /* Pods_FirstSwiftDemo.framework */; };
		BC14498D1ECB0C2A00766E2D /* AppDelegate.swift in Sources */ = {isa = PBXBuildFile; fileRef = BC1449871ECB0C2A00766E2D /* AppDelegate.swift */; };
		BC14498E1ECB0C2A00766E2D /* Test.swift in Sources */ = {isa = PBXBuildFile; fileRef = BC1449881ECB0C2A00766E2D /* Test.swift */; };
		BC14498F1ECB0C2A00766E2D /* ViewController.swift in Sources */ = {isa = PBXBuildFile; fileRef = BC1449891ECB0C2A00766E2D /* ViewController.swift */; };
		BC1449901ECB0C2A00766E2D /* YTFirstCell.swift in Sources */ = {isa = PBXBuildFile; fileRef = BC14498A1ECB0C2A00766E2D /* YTFirstCell.swift */; };
		BC1449911ECB0C2A00766E2D /* YTTestModel.swift in Sources */ = {isa = PBXBuildFile; fileRef = BC14498B1ECB0C2A00766E2D /* YTTestModel.swift */; };
		BC1449921ECB0C2A00766E2D /* YTTestView.swift in Sources */ = {isa = PBXBuildFile; fileRef = BC14498C1ECB0C2A00766E2D /* YTTestView.swift */; };
		BC1449DF1ECE97E400766E2D /* YTDiscoverController.swift in Sources */ = {isa = PBXBuildFile; fileRef = BC1449D01ECE97E400766E2D /* YTDiscoverController.swift */; };
		BC1449E01ECE97E400766E2D /* YTHomeController.swift in Sources */ = {isa = PBXBuildFile; fileRef = BC1449D11ECE97E400766E2D /* YTHomeController.swift */; };
		BC1449E11ECE97E400766E2D /* YTLoginController.swift in Sources */ = {isa = PBXBuildFile; fileRef = BC1449D21ECE97E400766E2D /* YTLoginController.swift */; };
		BC1449E21ECE97E400766E2D /* YTMessageController.swift in Sources */ = {isa = PBXBuildFile; fileRef = BC1449D31ECE97E400766E2D /* YTMessageController.swift */; };
		BC1449E31ECE97E400766E2D /* YTProfileController.swift in Sources */ = {isa = PBXBuildFile; fileRef = BC1449D41ECE97E400766E2D /* YTProfileController.swift */; };
		BC1449E41ECE97E400766E2D /* YTPublishController.swift in Sources */ = {isa = PBXBuildFile; fileRef = BC1449D51ECE97E400766E2D /* YTPublishController.swift */; };
		BC1449E51ECE97E400766E2D /* YTRootNavController.swift in Sources */ = {isa = PBXBuildFile; fileRef = BC1449D81ECE97E400766E2D /* YTRootNavController.swift */; };
		BC1449E61ECE97E400766E2D /* YTRootTabBarController.swift in Sources */ = {isa = PBXBuildFile; fileRef = BC1449D91ECE97E400766E2D /* YTRootTabBarController.swift */; };
		BC1449E71ECE97E400766E2D /* YTRootViewController.swift in Sources */ = {isa = PBXBuildFile; fileRef = BC1449DA1ECE97E400766E2D /* YTRootViewController.swift */; };
		BC1449E81ECE97E400766E2D /* YTCustomView.swift in Sources */ = {isa = PBXBuildFile; fileRef = BC1449DC1ECE97E400766E2D /* YTCustomView.swift */; };
		BC1449E91ECE97E400766E2D /* YTTopBarView.swift in Sources */ = {isa = PBXBuildFile; fileRef = BC1449DD1ECE97E400766E2D /* YTTopBarView.swift */; };
		BC1449ED1ECE999500766E2D /* Default-568h@2x.png in Resources */ = {isa = PBXBuildFile; fileRef = BC1449EA1ECE999500766E2D /* Default-568h@2x.png */; };
		BC1449EE1ECE999500766E2D /* Default-667h@2x.png in Resources */ = {isa = PBXBuildFile; fileRef = BC1449EB1ECE999500766E2D /* Default-667h@2x.png */; };
		BC1449EF1ECE999500766E2D /* Default-736h@3x.png in Resources */ = {isa = PBXBuildFile; fileRef = BC1449EC1ECE999500766E2D /* Default-736h@3x.png */; };
		BC1449F21ECEDE6500766E2D /* YTUserAccount.swift in Sources */ = {isa = PBXBuildFile; fileRef = BC1449F11ECEDE6500766E2D /* YTUserAccount.swift */; };
		BC1677261ED28F3800F324BA /* YTStatus.swift in Sources */ = {isa = PBXBuildFile; fileRef = BC1677251ED28F3800F324BA /* YTStatus.swift */; };
		BC1677281ED28F6200F324BA /* YTUser.swift in Sources */ = {isa = PBXBuildFile; fileRef = BC1677271ED28F6200F324BA /* YTUser.swift */; };
		BCD6E8431EBAE19900A4BE84 /* Main.storyboard in Resources */ = {isa = PBXBuildFile; fileRef = BCD6E8411EBAE19900A4BE84 /* Main.storyboard */; };
		BCD6E8451EBAE19900A4BE84 /* Assets.xcassets in Resources */ = {isa = PBXBuildFile; fileRef = BCD6E8441EBAE19900A4BE84 /* Assets.xcassets */; };
		BCF3B11F1ED2DD82003B6776 /* YTStatusTopView.swift in Sources */ = {isa = PBXBuildFile; fileRef = BCF3B11E1ED2DD82003B6776 /* YTStatusTopView.swift */; };
		BCF3B1211ED2E39B003B6776 /* YTStatusBottomView.swift in Sources */ = {isa = PBXBuildFile; fileRef = BCF3B1201ED2E39B003B6776 /* YTStatusBottomView.swift */; };
		BCF3B1231ED2E69B003B6776 /* YTStatusPictureView.swift in Sources */ = {isa = PBXBuildFile; fileRef = BCF3B1221ED2E69B003B6776 /* YTStatusPictureView.swift */; };
		BCF3B1251ED2F034003B6776 /* YTStatusCell.swift in Sources */ = {isa = PBXBuildFile; fileRef = BCF3B1241ED2F034003B6776 /* YTStatusCell.swift */; };
		BCF3B1281ED31DD0003B6776 /* NSDate + Extension.swift in Sources */ = {isa = PBXBuildFile; fileRef = BCF3B1271ED31DD0003B6776 /* NSDate + Extension.swift */; };
/* End PBXBuildFile section */

/* Begin PBXFileReference section */
		1CB3323246ECD16B00E3C0DE /* Pods_FirstSwiftDemo.framework */ = {isa = PBXFileReference; explicitFileType = wrapper.framework; includeInIndex = 0; path = Pods_FirstSwiftDemo.framework; sourceTree = BUILT_PRODUCTS_DIR; };
		6DACCA373D13169EFD7029A7 /* Pods-FirstSwiftDemo.debug.xcconfig */ = {isa = PBXFileReference; includeInIndex = 1; lastKnownFileType = text.xcconfig; name = "Pods-FirstSwiftDemo.debug.xcconfig"; path = "Pods/Target Support Files/Pods-FirstSwiftDemo/Pods-FirstSwiftDemo.debug.xcconfig"; sourceTree = "<group>"; };
		BBCC4E90BD11C2EDE2CECCFF /* Pods-FirstSwiftDemo.release.xcconfig */ = {isa = PBXFileReference; includeInIndex = 1; lastKnownFileType = text.xcconfig; name = "Pods-FirstSwiftDemo.release.xcconfig"; path = "Pods/Target Support Files/Pods-FirstSwiftDemo/Pods-FirstSwiftDemo.release.xcconfig"; sourceTree = "<group>"; };
		BC1449871ECB0C2A00766E2D /* AppDelegate.swift */ = {isa = PBXFileReference; fileEncoding = 4; lastKnownFileType = sourcecode.swift; path = AppDelegate.swift; sourceTree = "<group>"; };
		BC1449881ECB0C2A00766E2D /* Test.swift */ = {isa = PBXFileReference; fileEncoding = 4; lastKnownFileType = sourcecode.swift; path = Test.swift; sourceTree = "<group>"; };
		BC1449891ECB0C2A00766E2D /* ViewController.swift */ = {isa = PBXFileReference; fileEncoding = 4; lastKnownFileType = sourcecode.swift; path = ViewController.swift; sourceTree = "<group>"; };
		BC14498A1ECB0C2A00766E2D /* YTFirstCell.swift */ = {isa = PBXFileReference; fileEncoding = 4; lastKnownFileType = sourcecode.swift; path = YTFirstCell.swift; sourceTree = "<group>"; };
		BC14498B1ECB0C2A00766E2D /* YTTestModel.swift */ = {isa = PBXFileReference; fileEncoding = 4; lastKnownFileType = sourcecode.swift; path = YTTestModel.swift; sourceTree = "<group>"; };
		BC14498C1ECB0C2A00766E2D /* YTTestView.swift */ = {isa = PBXFileReference; fileEncoding = 4; lastKnownFileType = sourcecode.swift; path = YTTestView.swift; sourceTree = "<group>"; };
		BC1449D01ECE97E400766E2D /* YTDiscoverController.swift */ = {isa = PBXFileReference; fileEncoding = 4; lastKnownFileType = sourcecode.swift; path = YTDiscoverController.swift; sourceTree = "<group>"; };
		BC1449D11ECE97E400766E2D /* YTHomeController.swift */ = {isa = PBXFileReference; fileEncoding = 4; lastKnownFileType = sourcecode.swift; path = YTHomeController.swift; sourceTree = "<group>"; };
		BC1449D21ECE97E400766E2D /* YTLoginController.swift */ = {isa = PBXFileReference; fileEncoding = 4; lastKnownFileType = sourcecode.swift; path = YTLoginController.swift; sourceTree = "<group>"; };
		BC1449D31ECE97E400766E2D /* YTMessageController.swift */ = {isa = PBXFileReference; fileEncoding = 4; lastKnownFileType = sourcecode.swift; path = YTMessageController.swift; sourceTree = "<group>"; };
		BC1449D41ECE97E400766E2D /* YTProfileController.swift */ = {isa = PBXFileReference; fileEncoding = 4; lastKnownFileType = sourcecode.swift; path = YTProfileController.swift; sourceTree = "<group>"; };
		BC1449D51ECE97E400766E2D /* YTPublishController.swift */ = {isa = PBXFileReference; fileEncoding = 4; lastKnownFileType = sourcecode.swift; path = YTPublishController.swift; sourceTree = "<group>"; };
		BC1449D81ECE97E400766E2D /* YTRootNavController.swift */ = {isa = PBXFileReference; fileEncoding = 4; lastKnownFileType = sourcecode.swift; path = YTRootNavController.swift; sourceTree = "<group>"; };
		BC1449D91ECE97E400766E2D /* YTRootTabBarController.swift */ = {isa = PBXFileReference; fileEncoding = 4; lastKnownFileType = sourcecode.swift; path = YTRootTabBarController.swift; sourceTree = "<group>"; };
		BC1449DA1ECE97E400766E2D /* YTRootViewController.swift */ = {isa = PBXFileReference; fileEncoding = 4; lastKnownFileType = sourcecode.swift; path = YTRootViewController.swift; sourceTree = "<group>"; };
		BC1449DC1ECE97E400766E2D /* YTCustomView.swift */ = {isa = PBXFileReference; fileEncoding = 4; lastKnownFileType = sourcecode.swift; path = YTCustomView.swift; sourceTree = "<group>"; };
		BC1449DD1ECE97E400766E2D /* YTTopBarView.swift */ = {isa = PBXFileReference; fileEncoding = 4; lastKnownFileType = sourcecode.swift; path = YTTopBarView.swift; sourceTree = "<group>"; };
		BC1449EA1ECE999500766E2D /* Default-568h@2x.png */ = {isa = PBXFileReference; lastKnownFileType = image.png; path = "Default-568h@2x.png"; sourceTree = "<group>"; };
		BC1449EB1ECE999500766E2D /* Default-667h@2x.png */ = {isa = PBXFileReference; lastKnownFileType = image.png; path = "Default-667h@2x.png"; sourceTree = "<group>"; };
		BC1449EC1ECE999500766E2D /* Default-736h@3x.png */ = {isa = PBXFileReference; lastKnownFileType = image.png; path = "Default-736h@3x.png"; sourceTree = "<group>"; };
		BC1449F11ECEDE6500766E2D /* YTUserAccount.swift */ = {isa = PBXFileReference; fileEncoding = 4; lastKnownFileType = sourcecode.swift; path = YTUserAccount.swift; sourceTree = "<group>"; };
		BC1677251ED28F3800F324BA /* YTStatus.swift */ = {isa = PBXFileReference; fileEncoding = 4; lastKnownFileType = sourcecode.swift; path = YTStatus.swift; sourceTree = "<group>"; };
		BC1677271ED28F6200F324BA /* YTUser.swift */ = {isa = PBXFileReference; fileEncoding = 4; lastKnownFileType = sourcecode.swift; path = YTUser.swift; sourceTree = "<group>"; };
		BCD6E83A1EBAE19900A4BE84 /* FirstSwiftDemo.app */ = {isa = PBXFileReference; explicitFileType = wrapper.application; includeInIndex = 0; path = FirstSwiftDemo.app; sourceTree = BUILT_PRODUCTS_DIR; };
		BCD6E8421EBAE19900A4BE84 /* Base */ = {isa = PBXFileReference; lastKnownFileType = file.storyboard; name = Base; path = Base.lproj/Main.storyboard; sourceTree = "<group>"; };
		BCD6E8441EBAE19900A4BE84 /* Assets.xcassets */ = {isa = PBXFileReference; lastKnownFileType = folder.assetcatalog; name = Assets.xcassets; path = ../Assets.xcassets; sourceTree = "<group>"; };
		BCD6E8491EBAE19900A4BE84 /* Info.plist */ = {isa = PBXFileReference; lastKnownFileType = text.plist.xml; name = Info.plist; path = ../Info.plist; sourceTree = "<group>"; };
		BCF3B11E1ED2DD82003B6776 /* YTStatusTopView.swift */ = {isa = PBXFileReference; fileEncoding = 4; lastKnownFileType = sourcecode.swift; path = YTStatusTopView.swift; sourceTree = "<group>"; };
		BCF3B1201ED2E39B003B6776 /* YTStatusBottomView.swift */ = {isa = PBXFileReference; fileEncoding = 4; lastKnownFileType = sourcecode.swift; path = YTStatusBottomView.swift; sourceTree = "<group>"; };
		BCF3B1221ED2E69B003B6776 /* YTStatusPictureView.swift */ = {isa = PBXFileReference; fileEncoding = 4; lastKnownFileType = sourcecode.swift; path = YTStatusPictureView.swift; sourceTree = "<group>"; };
		BCF3B1241ED2F034003B6776 /* YTStatusCell.swift */ = {isa = PBXFileReference; fileEncoding = 4; lastKnownFileType = sourcecode.swift; path = YTStatusCell.swift; sourceTree = "<group>"; };
		BCF3B1271ED31DD0003B6776 /* NSDate + Extension.swift */ = {isa = PBXFileReference; fileEncoding = 4; lastKnownFileType = sourcecode.swift; path = "NSDate + Extension.swift"; sourceTree = "<group>"; };
/* End PBXFileReference section */

/* Begin PBXFrameworksBuildPhase section */
		BCD6E8371EBAE19900A4BE84 /* Frameworks */ = {
			isa = PBXFrameworksBuildPhase;
			buildActionMask = 2147483647;
			files = (
				1869D514582831EAD598019B /* Pods_FirstSwiftDemo.framework in Frameworks */,
			);
			runOnlyForDeploymentPostprocessing = 0;
		};
/* End PBXFrameworksBuildPhase section */

/* Begin PBXGroup section */
		443CDCFDD48C14AD142E2914 /* Pods */ = {
			isa = PBXGroup;
			children = (
				6DACCA373D13169EFD7029A7 /* Pods-FirstSwiftDemo.debug.xcconfig */,
				BBCC4E90BD11C2EDE2CECCFF /* Pods-FirstSwiftDemo.release.xcconfig */,
			);
			name = Pods;
			sourceTree = "<group>";
		};
		8C81FA043A26DDE9334FC43C /* Frameworks */ = {
			isa = PBXGroup;
			children = (
				1CB3323246ECD16B00E3C0DE /* Pods_FirstSwiftDemo.framework */,
			);
			name = Frameworks;
			sourceTree = "<group>";
		};
		BC1449861ECB0BF500766E2D /* others */ = {
			isa = PBXGroup;
			children = (
				BC1449871ECB0C2A00766E2D /* AppDelegate.swift */,
				BC1449881ECB0C2A00766E2D /* Test.swift */,
				BC1449891ECB0C2A00766E2D /* ViewController.swift */,
				BC14498A1ECB0C2A00766E2D /* YTFirstCell.swift */,
				BC14498B1ECB0C2A00766E2D /* YTTestModel.swift */,
				BC14498C1ECB0C2A00766E2D /* YTTestView.swift */,
			);
			path = others;
			sourceTree = "<group>";
		};
		BC1449931ECB0C5900766E2D /* resource */ = {
			isa = PBXGroup;
			children = (
				BC1449EA1ECE999500766E2D /* Default-568h@2x.png */,
				BC1449EB1ECE999500766E2D /* Default-667h@2x.png */,
				BC1449EC1ECE999500766E2D /* Default-736h@3x.png */,
				BCD6E8491EBAE19900A4BE84 /* Info.plist */,
				BCD6E8411EBAE19900A4BE84 /* Main.storyboard */,
				BCD6E8441EBAE19900A4BE84 /* Assets.xcassets */,
			);
			path = resource;
			sourceTree = "<group>";
		};
		BC1449CC1ECE97E400766E2D /* config */ = {
			isa = PBXGroup;
			children = (
			);
			path = config;
			sourceTree = "<group>";
		};
		BC1449CD1ECE97E400766E2D /* src */ = {
			isa = PBXGroup;
			children = (
				BCF3B1261ED31DD0003B6776 /* extension */,
				BC1449DB1ECE97E400766E2D /* view */,
				BC1449CF1ECE97E400766E2D /* controller */,
				BC1449F01ECEAA4D00766E2D /* public */,
				BC1449D61ECE97E400766E2D /* data */,
				BC1449D71ECE97E400766E2D /* root */,
			);
			path = src;
			sourceTree = "<group>";
		};
		BC1449CF1ECE97E400766E2D /* controller */ = {
			isa = PBXGroup;
			children = (
				BC1449D01ECE97E400766E2D /* YTDiscoverController.swift */,
				BC1449D11ECE97E400766E2D /* YTHomeController.swift */,
				BC1449D31ECE97E400766E2D /* YTMessageController.swift */,
				BC1449D41ECE97E400766E2D /* YTProfileController.swift */,
				BC1449D51ECE97E400766E2D /* YTPublishController.swift */,
				BC1449D21ECE97E400766E2D /* YTLoginController.swift */,
			);
			path = controller;
			sourceTree = "<group>";
		};
		BC1449D61ECE97E400766E2D /* data */ = {
			isa = PBXGroup;
			children = (
				BC1449F11ECEDE6500766E2D /* YTUserAccount.swift */,
				BC1677251ED28F3800F324BA /* YTStatus.swift */,
				BC1677271ED28F6200F324BA /* YTUser.swift */,
			);
			path = data;
			sourceTree = "<group>";
		};
		BC1449D71ECE97E400766E2D /* root */ = {
			isa = PBXGroup;
			children = (
				BC1449D81ECE97E400766E2D /* YTRootNavController.swift */,
				BC1449D91ECE97E400766E2D /* YTRootTabBarController.swift */,
				BC1449DA1ECE97E400766E2D /* YTRootViewController.swift */,
			);
			path = root;
			sourceTree = "<group>";
		};
		BC1449DB1ECE97E400766E2D /* view */ = {
			isa = PBXGroup;
			children = (
				BC1449DC1ECE97E400766E2D /* YTCustomView.swift */,
				BC1449DD1ECE97E400766E2D /* YTTopBarView.swift */,
				BCF3B11E1ED2DD82003B6776 /* YTStatusTopView.swift */,
				BCF3B1201ED2E39B003B6776 /* YTStatusBottomView.swift */,
				BCF3B1221ED2E69B003B6776 /* YTStatusPictureView.swift */,
				BCF3B1241ED2F034003B6776 /* YTStatusCell.swift */,
			);
			path = view;
			sourceTree = "<group>";
		};
		BC1449DE1ECE97E400766E2D /* thirdPart */ = {
			isa = PBXGroup;
			children = (
			);
			path = thirdPart;
			sourceTree = "<group>";
		};
		BC1449F01ECEAA4D00766E2D /* public */ = {
			isa = PBXGroup;
			children = (
			);
			path = public;
			sourceTree = "<group>";
		};
		BCD6E8311EBAE19900A4BE84 = {
			isa = PBXGroup;
			children = (
				BCD6E83C1EBAE19900A4BE84 /* FirstSwiftDemo */,
				BCD6E83B1EBAE19900A4BE84 /* Products */,
				443CDCFDD48C14AD142E2914 /* Pods */,
				8C81FA043A26DDE9334FC43C /* Frameworks */,
			);
			sourceTree = "<group>";
		};
		BCD6E83B1EBAE19900A4BE84 /* Products */ = {
			isa = PBXGroup;
			children = (
				BCD6E83A1EBAE19900A4BE84 /* FirstSwiftDemo.app */,
			);
			name = Products;
			sourceTree = "<group>";
		};
		BCD6E83C1EBAE19900A4BE84 /* FirstSwiftDemo */ = {
			isa = PBXGroup;
			children = (
				BC1449CD1ECE97E400766E2D /* src */,
				BC1449CC1ECE97E400766E2D /* config */,
				BC1449DE1ECE97E400766E2D /* thirdPart */,
				BC1449931ECB0C5900766E2D /* resource */,
				BC1449861ECB0BF500766E2D /* others */,
			);
			path = FirstSwiftDemo;
			sourceTree = "<group>";
		};
		BCF3B1261ED31DD0003B6776 /* extension */ = {
			isa = PBXGroup;
			children = (
				BCF3B1271ED31DD0003B6776 /* NSDate + Extension.swift */,
			);
			path = extension;
			sourceTree = "<group>";
		};
/* End PBXGroup section */

/* Begin PBXNativeTarget section */
		BCD6E8391EBAE19900A4BE84 /* FirstSwiftDemo */ = {
			isa = PBXNativeTarget;
			buildConfigurationList = BCD6E8621EBAE19900A4BE84 /* Build configuration list for PBXNativeTarget "FirstSwiftDemo" */;
			buildPhases = (
				7B495AE3C311A7716233B615 /* [CP] Check Pods Manifest.lock */,
				BCD6E8361EBAE19900A4BE84 /* Sources */,
				BCD6E8371EBAE19900A4BE84 /* Frameworks */,
				BCD6E8381EBAE19900A4BE84 /* Resources */,
				57BB464533B9CDB9FCF5CD48 /* [CP] Embed Pods Frameworks */,
				32EC18C1CEBAC8F4F16654B9 /* [CP] Copy Pods Resources */,
			);
			buildRules = (
			);
			dependencies = (
			);
			name = FirstSwiftDemo;
			productName = FirstSwiftDemo;
			productReference = BCD6E83A1EBAE19900A4BE84 /* FirstSwiftDemo.app */;
			productType = "com.apple.product-type.application";
		};
/* End PBXNativeTarget section */

/* Begin PBXProject section */
		BCD6E8321EBAE19900A4BE84 /* Project object */ = {
			isa = PBXProject;
			attributes = {
				CLASSPREFIX = YT;
				LastSwiftUpdateCheck = 0830;
				LastUpgradeCheck = 0830;
				ORGANIZATIONNAME = yangxutao;
				TargetAttributes = {
					BCD6E8391EBAE19900A4BE84 = {
						CreatedOnToolsVersion = 8.3.2;
						DevelopmentTeam = 9FA65VMFDP;
						ProvisioningStyle = Automatic;
					};
				};
			};
			buildConfigurationList = BCD6E8351EBAE19900A4BE84 /* Build configuration list for PBXProject "FirstSwiftDemo" */;
			compatibilityVersion = "Xcode 3.2";
			developmentRegion = English;
			hasScannedForEncodings = 0;
			knownRegions = (
				en,
				Base,
			);
			mainGroup = BCD6E8311EBAE19900A4BE84;
			productRefGroup = BCD6E83B1EBAE19900A4BE84 /* Products */;
			projectDirPath = "";
			projectRoot = "";
			targets = (
				BCD6E8391EBAE19900A4BE84 /* FirstSwiftDemo */,
			);
		};
/* End PBXProject section */

/* Begin PBXResourcesBuildPhase section */
		BCD6E8381EBAE19900A4BE84 /* Resources */ = {
			isa = PBXResourcesBuildPhase;
			buildActionMask = 2147483647;
			files = (
				BC1449ED1ECE999500766E2D /* Default-568h@2x.png in Resources */,
				BCD6E8451EBAE19900A4BE84 /* Assets.xcassets in Resources */,
				BCD6E8431EBAE19900A4BE84 /* Main.storyboard in Resources */,
				BC1449EE1ECE999500766E2D /* Default-667h@2x.png in Resources */,
				BC1449EF1ECE999500766E2D /* Default-736h@3x.png in Resources */,
			);
			runOnlyForDeploymentPostprocessing = 0;
		};
/* End PBXResourcesBuildPhase section */

/* Begin PBXShellScriptBuildPhase section */
		32EC18C1CEBAC8F4F16654B9 /* [CP] Copy Pods Resources */ = {
			isa = PBXShellScriptBuildPhase;
			buildActionMask = 2147483647;
			files = (
			);
			inputPaths = (
			);
			name = "[CP] Copy Pods Resources";
			outputPaths = (
			);
			runOnlyForDeploymentPostprocessing = 0;
			shellPath = /bin/sh;
			shellScript = "\"${SRCROOT}/Pods/Target Support Files/Pods-FirstSwiftDemo/Pods-FirstSwiftDemo-resources.sh\"\n";
			showEnvVarsInLog = 0;
		};
		57BB464533B9CDB9FCF5CD48 /* [CP] Embed Pods Frameworks */ = {
			isa = PBXShellScriptBuildPhase;
			buildActionMask = 2147483647;
			files = (
			);
			inputPaths = (
			);
			name = "[CP] Embed Pods Frameworks";
			outputPaths = (
			);
			runOnlyForDeploymentPostprocessing = 0;
			shellPath = /bin/sh;
			shellScript = "\"${SRCROOT}/Pods/Target Support Files/Pods-FirstSwiftDemo/Pods-FirstSwiftDemo-frameworks.sh\"\n";
			showEnvVarsInLog = 0;
		};
		7B495AE3C311A7716233B615 /* [CP] Check Pods Manifest.lock */ = {
			isa = PBXShellScriptBuildPhase;
			buildActionMask = 2147483647;
			files = (
			);
			inputPaths = (
			);
			name = "[CP] Check Pods Manifest.lock";
			outputPaths = (
			);
			runOnlyForDeploymentPostprocessing = 0;
			shellPath = /bin/sh;
			shellScript = "diff \"${PODS_ROOT}/../Podfile.lock\" \"${PODS_ROOT}/Manifest.lock\" > /dev/null\nif [ $? != 0 ] ; then\n    # print error to STDERR\n    echo \"error: The sandbox is not in sync with the Podfile.lock. Run 'pod install' or update your CocoaPods installation.\" >&2\n    exit 1\nfi\n";
			showEnvVarsInLog = 0;
		};
/* End PBXShellScriptBuildPhase section */

/* Begin PBXSourcesBuildPhase section */
		BCD6E8361EBAE19900A4BE84 /* Sources */ = {
			isa = PBXSourcesBuildPhase;
			buildActionMask = 2147483647;
			files = (
				BC1449E11ECE97E400766E2D /* YTLoginController.swift in Sources */,
				BC14498F1ECB0C2A00766E2D /* ViewController.swift in Sources */,
				BC14498D1ECB0C2A00766E2D /* AppDelegate.swift in Sources */,
				BCF3B1251ED2F034003B6776 /* YTStatusCell.swift in Sources */,
				BC1449F21ECEDE6500766E2D /* YTUserAccount.swift in Sources */,
				BCF3B1211ED2E39B003B6776 /* YTStatusBottomView.swift in Sources */,
				BC14498E1ECB0C2A00766E2D /* Test.swift in Sources */,
				BC1449E01ECE97E400766E2D /* YTHomeController.swift in Sources */,
				BC1449921ECB0C2A00766E2D /* YTTestView.swift in Sources */,
				BC1677261ED28F3800F324BA /* YTStatus.swift in Sources */,
				BC1449E21ECE97E400766E2D /* YTMessageController.swift in Sources */,
				BC1449E81ECE97E400766E2D /* YTCustomView.swift in Sources */,
				BC1449E61ECE97E400766E2D /* YTRootTabBarController.swift in Sources */,
				BC1449911ECB0C2A00766E2D /* YTTestModel.swift in Sources */,
				BC1449DF1ECE97E400766E2D /* YTDiscoverController.swift in Sources */,
				BC1449E41ECE97E400766E2D /* YTPublishController.swift in Sources */,
				BCF3B1281ED31DD0003B6776 /* NSDate + Extension.swift in Sources */,
				BC1449E71ECE97E400766E2D /* YTRootViewController.swift in Sources */,
				BCF3B11F1ED2DD82003B6776 /* YTStatusTopView.swift in Sources */,
				BC1449E31ECE97E400766E2D /* YTProfileController.swift in Sources */,
				BC1449E51ECE97E400766E2D /* YTRootNavController.swift in Sources */,
				BC1449901ECB0C2A00766E2D /* YTFirstCell.swift in Sources */,
				BCF3B1231ED2E69B003B6776 /* YTStatusPictureView.swift in Sources */,
				BC1449E91ECE97E400766E2D /* YTTopBarView.swift in Sources */,
				BC1677281ED28F6200F324BA /* YTUser.swift in Sources */,
			);
			runOnlyForDeploymentPostprocessing = 0;
		};
/* End PBXSourcesBuildPhase section */

/* Begin PBXVariantGroup section */
		BCD6E8411EBAE19900A4BE84 /* Main.storyboard */ = {
			isa = PBXVariantGroup;
			children = (
				BCD6E8421EBAE19900A4BE84 /* Base */,
			);
			name = Main.storyboard;
			path = ..;
			sourceTree = "<group>";
		};
/* End PBXVariantGroup section */

/* Begin XCBuildConfiguration section */
		BCD6E8601EBAE19900A4BE84 /* Debug */ = {
			isa = XCBuildConfiguration;
			buildSettings = {
				ALWAYS_SEARCH_USER_PATHS = NO;
				CLANG_ANALYZER_NONNULL = YES;
				CLANG_ANALYZER_NUMBER_OBJECT_CONVERSION = YES_AGGRESSIVE;
				CLANG_CXX_LANGUAGE_STANDARD = "gnu++0x";
				CLANG_CXX_LIBRARY = "libc++";
				CLANG_ENABLE_MODULES = YES;
				CLANG_ENABLE_OBJC_ARC = YES;
				CLANG_WARN_BOOL_CONVERSION = YES;
				CLANG_WARN_CONSTANT_CONVERSION = YES;
				CLANG_WARN_DIRECT_OBJC_ISA_USAGE = YES_ERROR;
				CLANG_WARN_DOCUMENTATION_COMMENTS = YES;
				CLANG_WARN_EMPTY_BODY = YES;
				CLANG_WARN_ENUM_CONVERSION = YES;
				CLANG_WARN_INFINITE_RECURSION = YES;
				CLANG_WARN_INT_CONVERSION = YES;
				CLANG_WARN_OBJC_ROOT_CLASS = YES_ERROR;
				CLANG_WARN_SUSPICIOUS_MOVE = YES;
				CLANG_WARN_UNREACHABLE_CODE = YES;
				CLANG_WARN__DUPLICATE_METHOD_MATCH = YES;
				"CODE_SIGN_IDENTITY[sdk=iphoneos*]" = "iPhone Developer";
				COPY_PHASE_STRIP = NO;
				DEBUG_INFORMATION_FORMAT = dwarf;
				ENABLE_STRICT_OBJC_MSGSEND = YES;
				ENABLE_TESTABILITY = YES;
				GCC_C_LANGUAGE_STANDARD = gnu99;
				GCC_DYNAMIC_NO_PIC = NO;
				GCC_NO_COMMON_BLOCKS = YES;
				GCC_OPTIMIZATION_LEVEL = 0;
				GCC_PREPROCESSOR_DEFINITIONS = (
					"DEBUG=1",
					"$(inherited)",
				);
				GCC_WARN_64_TO_32_BIT_CONVERSION = YES;
				GCC_WARN_ABOUT_RETURN_TYPE = YES_ERROR;
				GCC_WARN_UNDECLARED_SELECTOR = YES;
				GCC_WARN_UNINITIALIZED_AUTOS = YES_AGGRESSIVE;
				GCC_WARN_UNUSED_FUNCTION = YES;
				GCC_WARN_UNUSED_VARIABLE = YES;
				IPHONEOS_DEPLOYMENT_TARGET = 8.0;
				MTL_ENABLE_DEBUG_INFO = YES;
				ONLY_ACTIVE_ARCH = YES;
				SDKROOT = iphoneos;
				SWIFT_ACTIVE_COMPILATION_CONDITIONS = DEBUG;
				SWIFT_OPTIMIZATION_LEVEL = "-Onone";
			};
			name = Debug;
		};
		BCD6E8611EBAE19900A4BE84 /* Release */ = {
			isa = XCBuildConfiguration;
			buildSettings = {
				ALWAYS_SEARCH_USER_PATHS = NO;
				CLANG_ANALYZER_NONNULL = YES;
				CLANG_ANALYZER_NUMBER_OBJECT_CONVERSION = YES_AGGRESSIVE;
				CLANG_CXX_LANGUAGE_STANDARD = "gnu++0x";
				CLANG_CXX_LIBRARY = "libc++";
				CLANG_ENABLE_MODULES = YES;
				CLANG_ENABLE_OBJC_ARC = YES;
				CLANG_WARN_BOOL_CONVERSION = YES;
				CLANG_WARN_CONSTANT_CONVERSION = YES;
				CLANG_WARN_DIRECT_OBJC_ISA_USAGE = YES_ERROR;
				CLANG_WARN_DOCUMENTATION_COMMENTS = YES;
				CLANG_WARN_EMPTY_BODY = YES;
				CLANG_WARN_ENUM_CONVERSION = YES;
				CLANG_WARN_INFINITE_RECURSION = YES;
				CLANG_WARN_INT_CONVERSION = YES;
				CLANG_WARN_OBJC_ROOT_CLASS = YES_ERROR;
				CLANG_WARN_SUSPICIOUS_MOVE = YES;
				CLANG_WARN_UNREACHABLE_CODE = YES;
				CLANG_WARN__DUPLICATE_METHOD_MATCH = YES;
				"CODE_SIGN_IDENTITY[sdk=iphoneos*]" = "iPhone Developer";
				COPY_PHASE_STRIP = NO;
				DEBUG_INFORMATION_FORMAT = "dwarf-with-dsym";
				ENABLE_NS_ASSERTIONS = NO;
				ENABLE_STRICT_OBJC_MSGSEND = YES;
				GCC_C_LANGUAGE_STANDARD = gnu99;
				GCC_NO_COMMON_BLOCKS = YES;
				GCC_WARN_64_TO_32_BIT_CONVERSION = YES;
				GCC_WARN_ABOUT_RETURN_TYPE = YES_ERROR;
				GCC_WARN_UNDECLARED_SELECTOR = YES;
				GCC_WARN_UNINITIALIZED_AUTOS = YES_AGGRESSIVE;
				GCC_WARN_UNUSED_FUNCTION = YES;
				GCC_WARN_UNUSED_VARIABLE = YES;
				IPHONEOS_DEPLOYMENT_TARGET = 8.0;
				MTL_ENABLE_DEBUG_INFO = NO;
				SDKROOT = iphoneos;
				SWIFT_OPTIMIZATION_LEVEL = "-Owholemodule";
				VALIDATE_PRODUCT = YES;
			};
			name = Release;
		};
		BCD6E8631EBAE19900A4BE84 /* Debug */ = {
			isa = XCBuildConfiguration;
			baseConfigurationReference = 6DACCA373D13169EFD7029A7 /* Pods-FirstSwiftDemo.debug.xcconfig */;
			buildSettings = {
				ASSETCATALOG_COMPILER_APPICON_NAME = AppIcon;
				DEVELOPMENT_TEAM = 9FA65VMFDP;
				INFOPLIST_FILE = FirstSwiftDemo/Info.plist;
				IPHONEOS_DEPLOYMENT_TARGET = 8.0;
				LD_RUNPATH_SEARCH_PATHS = "$(inherited) @executable_path/Frameworks";
				PRODUCT_BUNDLE_IDENTIFIER = com.xiaoyun.FirstSwiftDemo;
				PRODUCT_NAME = "$(TARGET_NAME)";
				SWIFT_VERSION = 3.0;
			};
			name = Debug;
		};
		BCD6E8641EBAE19900A4BE84 /* Release */ = {
			isa = XCBuildConfiguration;
			baseConfigurationReference = BBCC4E90BD11C2EDE2CECCFF /* Pods-FirstSwiftDemo.release.xcconfig */;
			buildSettings = {
				ASSETCATALOG_COMPILER_APPICON_NAME = AppIcon;
				DEVELOPMENT_TEAM = 9FA65VMFDP;
				INFOPLIST_FILE = FirstSwiftDemo/Info.plist;
				IPHONEOS_DEPLOYMENT_TARGET = 8.0;
				LD_RUNPATH_SEARCH_PATHS = "$(inherited) @executable_path/Frameworks";
				PRODUCT_BUNDLE_IDENTIFIER = com.xiaoyun.FirstSwiftDemo;
				PRODUCT_NAME = "$(TARGET_NAME)";
				SWIFT_VERSION = 3.0;
			};
			name = Release;
		};
/* End XCBuildConfiguration section */

/* Begin XCConfigurationList section */
		BCD6E8351EBAE19900A4BE84 /* Build configuration list for PBXProject "FirstSwiftDemo" */ = {
			isa = XCConfigurationList;
			buildConfigurations = (
				BCD6E8601EBAE19900A4BE84 /* Debug */,
				BCD6E8611EBAE19900A4BE84 /* Release */,
			);
			defaultConfigurationIsVisible = 0;
			defaultConfigurationName = Release;
		};
		BCD6E8621EBAE19900A4BE84 /* Build configuration list for PBXNativeTarget "FirstSwiftDemo" */ = {
			isa = XCConfigurationList;
			buildConfigurations = (
				BCD6E8631EBAE19900A4BE84 /* Debug */,
				BCD6E8641EBAE19900A4BE84 /* Release */,
			);
			defaultConfigurationIsVisible = 0;
			defaultConfigurationName = Release;
		};
/* End XCConfigurationList section */
	};
	rootObject = BCD6E8321EBAE19900A4BE84 /* Project object */;
}
